{
  "name": "nodetut",
  "version": "1.0.0",
  "lockfileVersion": 2,
  "requires": true,
  "packages": {
    "": {
      "name": "nodetut",
      "version": "1.0.0",
      "license": "ISC",
      "dependencies": {
        "chalk": "^5.2.0",
        "colors": "^1.4.0",
        "simple-logger-nodejs": "^1.0.3"
      }
    },
    "node_modules/chalk": {
      "version": "5.2.0",
      "resolved": "https://registry.npmjs.org/chalk/-/chalk-5.2.0.tgz",
      "integrity": "sha512-ree3Gqw/nazQAPuJJEy+avdl7QfZMcUvmHIKgEZkGL+xOBzRvup5Hxo6LHuMceSxOabuJLJm5Yp/92R9eMmMvA==",
      "engines": {
        "node": "^12.17.0 || ^14.13 || >=16.0.0"
      },
      "funding": {
        "url": "https://github.com/chalk/chalk?sponsor=1"
      }
    },
    "node_modules/colors": {
      "version": "1.4.0",
      "resolved": "https://registry.npmjs.org/colors/-/colors-1.4.0.tgz",
      "integrity": "sha512-a+UqTh4kgZg/SlGvfbzDHpgRu7AAQOmmqRHJnxhRZICKFUT91brVhNNt58CMWU9PsBbv3PDCZUHbVxuDiH2mtA==",
      "engines": {
        "node": ">=0.1.90"
      }
    },
    "node_modules/simple-logger-nodejs": {
      "version": "1.0.3",
      "resolved": "https://registry.npmjs.org/simple-logger-nodejs/-/simple-logger-nodejs-1.0.3.tgz",
      "integrity": "sha512-sIo3MM4iczSz64lboaHZXdRmJbIk59jp0hKD/k/grjhfZAm1QAJ/4+Nje/sDGwt+HbOeKS6aW5Bcw9m05MGtdw=="
    }
  },
  "dependencies": {
    "chalk": {
      "version": "5.2.0",
      "resolved": "https://registry.npmjs.org/chalk/-/chalk-5.2.0.tgz",
      "integrity": "sha512-ree3Gqw/nazQAPuJJEy+avdl7QfZMcUvmHIKgEZkGL+xOBzRvup5Hxo6LHuMceSxOabuJLJm5Yp/92R9eMmMvA=="
    },
    "colors": {
      "version": "1.4.0",
      "resolved": "https://registry.npmjs.org/colors/-/colors-1.4.0.tgz",
      "integrity": "sha512-a+UqTh4kgZg/SlGvfbzDHpgRu7AAQOmmqRHJnxhRZICKFUT91brVhNNt58CMWU9PsBbv3PDCZUHbVxuDiH2mtA=="
    },
    "simple-logger-nodejs": {
      "version": "1.0.3",
      "resolved": "https://registry.npmjs.org/simple-logger-nodejs/-/simple-logger-nodejs-1.0.3.tgz",
      "integrity": "sha512-sIo3MM4iczSz64lboaHZXdRmJbIk59jp0hKD/k/grjhfZAm1QAJ/4+Nje/sDGwt+HbOeKS6aW5Bcw9m05MGtdw=="
    }
  }
}
